{
  "nodes": {
    "ArtCNN": {
      "flake": false,
      "locked": {
        "lastModified": 1783525151,
        "narHash": "sha256-HTU4N74e0gLf6uQANMDagLQUEcEN+E1ROmFFrx21gnQ=",
        "owner": "Artoriuz",
        "repo": "ArtCNN",
        "rev": "a20445ca420ed9f0c2a807e2d0c186a991115da0",
        "type": "github"
      },
      "original": {
        "owner": "Artoriuz",
        "repo": "ArtCNN",
        "type": "github"
      }
    },
    "root": {
      "inputs": {
        "ArtCNN": "ArtCNN"
      }
    }
  },
  "root": "root",
  "version": 7
}
