{
  "nodes": {
    "ArtCNN": {
      "flake": false,
      "locked": {
        "lastModified": 1789064092,
        "narHash": "sha256-CsFRp+fwlulG2re2563H28aUIiLsG8LefVMb8UZyv24=",
        "owner": "Artoriuz",
        "repo": "ArtCNN",
        "rev": "865d6281273c7823656e82b0a8d030f8b108baef",
        "type": "github"
      },
      "original": {
        "owner": "Artoriuz",
        "repo": "ArtCNN",
        "type": "github"
      }
    },
    "root": {
      "inputs": {
        "ArtCNN": "ArtCNN"
      }
    }
  },
  "root": "root",
  "version": 7
}
