{
  "nodes": {
    "mpv-scripts": {
      "flake": false,
      "locked": {
        "lastModified": 1751140506,
        "narHash": "sha256-KE2NKp6ZlRQgXXUtFDuDAR+b3CB68l/Ig8dmu+ffeFk=",
        "owner": "ObserverOfTime",
        "repo": "mpv-scripts",
        "rev": "da0ac047b73727ef712d30a661f5aedd4f8c55a2",
        "type": "github"
      },
      "original": {
        "owner": "ObserverOfTime",
        "repo": "mpv-scripts",
        "type": "github"
      }
    },
    "root": {
      "inputs": {
        "mpv-scripts": "mpv-scripts",
        "vanilla-osc": "vanilla-osc"
      }
    },
    "vanilla-osc": {
      "flake": false,
      "locked": {
        "lastModified": 1738699895,
        "narHash": "sha256-AG3w5B8lBcSXV4cbvX3nQ9hri/895xDbTsdaqF+RL64=",
        "owner": "po5",
        "repo": "thumbfast",
        "rev": "9d78edc167553ccea6290832982d0bc15838b4ac",
        "type": "github"
      },
      "original": {
        "owner": "po5",
        "ref": "vanilla-osc",
        "repo": "thumbfast",
        "type": "github"
      }
    }
  },
  "root": "root",
  "version": 7
}
