{
  "nodes": {
    "nixpkgs": {
      "locked": {
        "lastModified": 1632753066,
        "narHash": "sha256-oLs+Jm9zSRUVhTzPzKbQByLPor4IxdhZ6xUThAE1+s0=",
        "owner": "NixOS",
        "repo": "nixpkgs",
        "rev": "1224e4bec7b8019f8847dd268a642000073bcfa3",
        "type": "github"
      },
      "original": {
        "id": "nixpkgs",
        "ref": "release-21.05",
        "type": "indirect"
      }
    },
    "root": {
      "inputs": {
        "nixpkgs": "nixpkgs"
      }
    }
  },
  "root": "root",
  "version": 7
}
