{
  "nodes": {
    "root": {
      "inputs": {
        "zsh-simple-abbreviations": "zsh-simple-abbreviations"
      }
    },
    "zsh-simple-abbreviations": {
      "flake": false,
      "locked": {
        "lastModified": 1758938875,
        "narHash": "sha256-S8lvzDhdlUaNY8eNLpJsop2uf2yvq+AzPKZvoU8K7/w=",
        "owner": "DeveloperC286",
        "repo": "zsh-simple-abbreviations",
        "rev": "9aea063d54b04ed253c9c5595baba1317ca443fe",
        "type": "github"
      },
      "original": {
        "owner": "DeveloperC286",
        "repo": "zsh-simple-abbreviations",
        "type": "github"
      }
    }
  },
  "root": "root",
  "version": 7
}
