{
  "nodes": {
    "root": {
      "inputs": {
        "zsh-simple-abbreviations": "zsh-simple-abbreviations"
      }
    },
    "zsh-simple-abbreviations": {
      "flake": false,
      "locked": {
        "lastModified": 1758298177,
        "narHash": "sha256-1kDthmGCqK5Ly/WunjBRLpQwZfrQlmzVMQvpA3V4RbM=",
        "owner": "DeveloperC286",
        "repo": "zsh-simple-abbreviations",
        "rev": "2ac47f6849b682006f91b44dd6cd1945496891c5",
        "type": "github"
      },
      "original": {
        "owner": "DeveloperC286",
        "repo": "zsh-simple-abbreviations",
        "type": "github"
      }
    }
  },
  "root": "root",
  "version": 7
}
