{
  "nodes": {
    "direnv-instant": {
      "inputs": {
        "flake-parts": "flake-parts",
        "nixpkgs": "nixpkgs",
        "treefmt-nix": "treefmt-nix"
      },
      "locked": {
        "lastModified": 1773155153,
        "narHash": "sha256-Ufnl7F9RLoFkWpcNY72jUH+K3p9FUfnlyJXeABFholw=",
        "owner": "Mic92",
        "repo": "direnv-instant",
        "rev": "fc2eb8e6ac541d24266ad0016fdbd306c8420660",
        "type": "github"
      },
      "original": {
        "owner": "Mic92",
        "repo": "direnv-instant",
        "type": "github"
      }
    },
    "flake-parts": {
      "inputs": {
        "nixpkgs-lib": [
          "direnv-instant",
          "nixpkgs"
        ]
      },
      "locked": {
        "lastModified": 1772408722,
        "narHash": "sha256-rHuJtdcOjK7rAHpHphUb1iCvgkU3GpfvicLMwwnfMT0=",
        "owner": "hercules-ci",
        "repo": "flake-parts",
        "rev": "f20dc5d9b8027381c474144ecabc9034d6a839a3",
        "type": "github"
      },
      "original": {
        "owner": "hercules-ci",
        "repo": "flake-parts",
        "type": "github"
      }
    },
    "nixpkgs": {
      "locked": {
        "lastModified": 1772773019,
        "narHash": "sha256-E1bxHxNKfDoQUuvriG71+f+s/NT0qWkImXsYZNFFfCs=",
        "owner": "NixOS",
        "repo": "nixpkgs",
        "rev": "aca4d95fce4914b3892661bcb80b8087293536c6",
        "type": "github"
      },
      "original": {
        "owner": "NixOS",
        "ref": "nixos-unstable",
        "repo": "nixpkgs",
        "type": "github"
      }
    },
    "root": {
      "inputs": {
        "direnv-instant": "direnv-instant",
        "zsh-simple-abbreviations": "zsh-simple-abbreviations"
      }
    },
    "treefmt-nix": {
      "inputs": {
        "nixpkgs": [
          "direnv-instant",
          "nixpkgs"
        ]
      },
      "locked": {
        "lastModified": 1772660329,
        "narHash": "sha256-IjU1FxYqm+VDe5qIOxoW+pISBlGvVApRjiw/Y/ttJzY=",
        "owner": "numtide",
        "repo": "treefmt-nix",
        "rev": "3710e0e1218041bbad640352a0440114b1e10428",
        "type": "github"
      },
      "original": {
        "owner": "numtide",
        "repo": "treefmt-nix",
        "type": "github"
      }
    },
    "zsh-simple-abbreviations": {
      "flake": false,
      "locked": {
        "lastModified": 1773097704,
        "narHash": "sha256-VN1GwgwtoGmZhY9FkrbdZba7YPbDxUJLLfSOHPkudlU=",
        "owner": "DeveloperC286",
        "repo": "zsh-simple-abbreviations",
        "rev": "813d0da5f09bbbefd989e6eb9c284220ffc4110f",
        "type": "github"
      },
      "original": {
        "owner": "DeveloperC286",
        "repo": "zsh-simple-abbreviations",
        "type": "github"
      }
    }
  },
  "root": "root",
  "version": 7
}
