{
  "nodes": {
    "flake-utils": {
      "inputs": {
        "systems": "systems"
      },
      "locked": {
        "lastModified": 1731533236,
        "narHash": "sha256-l0KFg5HjrsfsO/JpG+r7fRrqm12kzFHyUHqHCVpMMbI=",
        "owner": "numtide",
        "repo": "flake-utils",
        "rev": "11707dc2f618dd54ca8739b309ec4fc024de578b",
        "type": "github"
      },
      "original": {
        "owner": "numtide",
        "repo": "flake-utils",
        "type": "github"
      }
    },
    "nix-github-actions": {
      "inputs": {
        "nixpkgs": [
          "run0-sudo-shim",
          "nixpkgs"
        ]
      },
      "locked": {
        "lastModified": 1737420293,
        "narHash": "sha256-F1G5ifvqTpJq7fdkT34e/Jy9VCyzd5XfJ9TO8fHhJWE=",
        "owner": "nix-community",
        "repo": "nix-github-actions",
        "rev": "f4158fa080ef4503c8f4c820967d946c2af31ec9",
        "type": "github"
      },
      "original": {
        "owner": "nix-community",
        "repo": "nix-github-actions",
        "type": "github"
      }
    },
    "nixpkgs": {
      "locked": {
        "lastModified": 1779847850,
        "narHash": "sha256-4xcMyKu9RgxxgIRnEzW79jiSvqzs0shQJxI2G3Mbu18=",
        "owner": "NixOS",
        "repo": "nixpkgs",
        "rev": "0c6db2b5d257d845bbee67a38dee43bbca3bd462",
        "type": "github"
      },
      "original": {
        "owner": "NixOS",
        "ref": "nixos-unstable-small",
        "repo": "nixpkgs",
        "type": "github"
      }
    },
    "polkit-stdin-agent": {
      "inputs": {
        "flake-utils": "flake-utils",
        "nixpkgs": [
          "run0-sudo-shim",
          "nixpkgs"
        ]
      },
      "locked": {
        "lastModified": 1779895539,
        "narHash": "sha256-Nl/+IBbUEsxSKSWLXwUB3mV4iAG0z9mv+Bl6CSeFzR4=",
        "ref": "refs/heads/main",
        "rev": "95beb16b78de357ac11de2b492597c1add2503b7",
        "revCount": 16,
        "type": "git",
        "url": "https://git.grimmauld.de/mirrors/polkit-stdin-agent"
      },
      "original": {
        "type": "git",
        "url": "https://git.grimmauld.de/mirrors/polkit-stdin-agent"
      }
    },
    "root": {
      "inputs": {
        "run0-sudo-shim": "run0-sudo-shim"
      }
    },
    "run0-sudo-shim": {
      "inputs": {
        "nix-github-actions": "nix-github-actions",
        "nixpkgs": "nixpkgs",
        "polkit-stdin-agent": "polkit-stdin-agent",
        "treefmt-nix": "treefmt-nix"
      },
      "locked": {
        "lastModified": 1780341427,
        "narHash": "sha256-uaGJmGr+qHTlC2+jlVPzLF1Qf0Vid8DmxmYtxuG6WH4=",
        "owner": "lordgrimmauld",
        "repo": "run0-sudo-shim",
        "rev": "ae23e03851a4536ac5dd06dd203391fddd72ab13",
        "type": "github"
      },
      "original": {
        "owner": "lordgrimmauld",
        "repo": "run0-sudo-shim",
        "type": "github"
      }
    },
    "systems": {
      "locked": {
        "lastModified": 1681028828,
        "narHash": "sha256-Vy1rq5AaRuLzOxct8nz4T6wlgyUR7zLU309k9mBC768=",
        "owner": "nix-systems",
        "repo": "default",
        "rev": "da67096a3b9bf56a91d16901293e51ba5b49a27e",
        "type": "github"
      },
      "original": {
        "owner": "nix-systems",
        "repo": "default",
        "type": "github"
      }
    },
    "treefmt-nix": {
      "inputs": {
        "nixpkgs": [
          "run0-sudo-shim",
          "nixpkgs"
        ]
      },
      "locked": {
        "lastModified": 1775636079,
        "narHash": "sha256-pc20NRoMdiar8oPQceQT47UUZMBTiMdUuWrYu2obUP0=",
        "owner": "numtide",
        "repo": "treefmt-nix",
        "rev": "790751ff7fd3801feeaf96d7dc416a8d581265ba",
        "type": "github"
      },
      "original": {
        "owner": "numtide",
        "repo": "treefmt-nix",
        "type": "github"
      }
    }
  },
  "root": "root",
  "version": 7
}
