{
  "nodes": {
    "root": {
      "inputs": {
        "vim-beancount": "vim-beancount",
        "vim-fugitive-blame-ext": "vim-fugitive-blame-ext"
      }
    },
    "vim-beancount": {
      "flake": false,
      "locked": {
        "lastModified": 1732578525,
        "narHash": "sha256-tbnB67O39OgozgknCZ1crnPZ9OBKtlGrvTeoFPnbLhc=",
        "owner": "nathangrigg",
        "repo": "vim-beancount",
        "rev": "589a4f06f3b2fd7cd2356c2ef1dafadf6b7a97cf",
        "type": "github"
      },
      "original": {
        "owner": "nathangrigg",
        "repo": "vim-beancount",
        "type": "github"
      }
    },
    "vim-fugitive-blame-ext": {
      "flake": false,
      "locked": {
        "lastModified": 1593700801,
        "narHash": "sha256-ELUVZJUqN23Z6/HS1Er/Lxuh5X2aFx81PiQ7cxItsJA=",
        "owner": "tommcdo",
        "repo": "vim-fugitive-blame-ext",
        "rev": "0c9355deeb235f89f50e3e9f362469826efcfb6a",
        "type": "github"
      },
      "original": {
        "owner": "tommcdo",
        "repo": "vim-fugitive-blame-ext",
        "type": "github"
      }
    }
  },
  "root": "root",
  "version": 7
}
