{
  "nodes": {
    "root": {
      "inputs": {
        "vim-fugitive-blame-ext": "vim-fugitive-blame-ext",
        "vim-xonsh": "vim-xonsh"
      }
    },
    "vim-fugitive-blame-ext": {
      "flake": false,
      "locked": {
        "lastModified": 1593700801,
        "narHash": "sha256-ELUVZJUqN23Z6/HS1Er/Lxuh5X2aFx81PiQ7cxItsJA=",
        "owner": "tommcdo",
        "repo": "vim-fugitive-blame-ext",
        "rev": "0c9355deeb235f89f50e3e9f362469826efcfb6a",
        "type": "github"
      },
      "original": {
        "owner": "tommcdo",
        "repo": "vim-fugitive-blame-ext",
        "type": "github"
      }
    },
    "vim-xonsh": {
      "flake": false,
      "locked": {
        "lastModified": 1686907557,
        "narHash": "sha256-ugHLu2Z9bTtQsIp4FQPKxgjVe9oZNjfQYrP+aHu+/uU=",
        "owner": "meatballs",
        "repo": "vim-xonsh",
        "rev": "929f35e37ad7dbdec80b1effe295b89c9ac3f090",
        "type": "github"
      },
      "original": {
        "owner": "meatballs",
        "repo": "vim-xonsh",
        "type": "github"
      }
    }
  },
  "root": "root",
  "version": 7
}
