{
  "nodes": {
    "flake-compat": {
      "locked": {
        "lastModified": 1733328505,
        "narHash": "sha256-NeCCThCEP3eCl2l/+27kNNK7QrwZB1IJCrXfrbv5oqU=",
        "rev": "ff81ac966bb2cae68946d5ed5fc4994f96d0ffec",
        "revCount": 69,
        "type": "tarball",
        "url": "https://api.flakehub.com/f/pinned/edolstra/flake-compat/1.1.0/01948eb7-9cba-704f-bbf3-3fa956735b52/source.tar.gz"
      },
      "original": {
        "type": "tarball",
        "url": "https://flakehub.com/f/edolstra/flake-compat/1.tar.gz"
      }
    },
    "flake-parts": {
      "inputs": {
        "nixpkgs-lib": "nixpkgs-lib"
      },
      "locked": {
        "lastModified": 1769996383,
        "narHash": "sha256-AnYjnFWgS49RlqX7LrC4uA+sCCDBj0Ry/WOJ5XWAsa0=",
        "owner": "hercules-ci",
        "repo": "flake-parts",
        "rev": "57928607ea566b5db3ad13af0e57e921e6b12381",
        "type": "github"
      },
      "original": {
        "owner": "hercules-ci",
        "repo": "flake-parts",
        "type": "github"
      }
    },
    "nixcord": {
      "inputs": {
        "flake-compat": "flake-compat",
        "flake-parts": "flake-parts",
        "nixpkgs": "nixpkgs"
      },
      "locked": {
        "lastModified": 1771893917,
        "narHash": "sha256-6nJX/Byne4l4hRtcMhNf0moMXibQnhAm8+aPZxkhXHw=",
        "owner": "kaylorben",
        "repo": "nixcord",
        "rev": "d8b90041b8f5a350df80d61052dad120b9d07cfe",
        "type": "github"
      },
      "original": {
        "owner": "kaylorben",
        "repo": "nixcord",
        "type": "github"
      }
    },
    "nixpkgs": {
      "locked": {
        "lastModified": 1770617025,
        "narHash": "sha256-1jZvgZoAagZZB6NwGRv2T2ezPy+X6EFDsJm+YSlsvEs=",
        "owner": "NixOS",
        "repo": "nixpkgs",
        "rev": "2db38e08fdadcc0ce3232f7279bab59a15b94482",
        "type": "github"
      },
      "original": {
        "owner": "NixOS",
        "ref": "nixos-25.11",
        "repo": "nixpkgs",
        "type": "github"
      }
    },
    "nixpkgs-lib": {
      "locked": {
        "lastModified": 1769909678,
        "narHash": "sha256-cBEymOf4/o3FD5AZnzC3J9hLbiZ+QDT/KDuyHXVJOpM=",
        "owner": "nix-community",
        "repo": "nixpkgs.lib",
        "rev": "72716169fe93074c333e8d0173151350670b824c",
        "type": "github"
      },
      "original": {
        "owner": "nix-community",
        "repo": "nixpkgs.lib",
        "type": "github"
      }
    },
    "root": {
      "inputs": {
        "nixcord": "nixcord",
        "vencord": "vencord"
      }
    },
    "vencord": {
      "flake": false,
      "locked": {
        "lastModified": 1771575643,
        "narHash": "sha256-9nD8NrhW3RqMdm+8dYpn5ak6Mii3/l+rtNE1T7bOLjI=",
        "owner": "Vendicated",
        "repo": "Vencord",
        "rev": "dc25c8f0461972918b2d73a0d93a3d4b6772b99a",
        "type": "github"
      },
      "original": {
        "owner": "Vendicated",
        "repo": "Vencord",
        "type": "github"
      }
    }
  },
  "root": "root",
  "version": 7
}
