{
  "nodes": {
    "root": {
      "inputs": {
        "schemes": "schemes"
      }
    },
    "schemes": {
      "flake": false,
      "locked": {
        "lastModified": 1770951657,
        "narHash": "sha256-A9KDJ0/yL3iek7mN6p0BF+1+dVGi4l/YCquRmTGFO7I=",
        "owner": "tinted-theming",
        "repo": "schemes",
        "rev": "b9f335ad6a0b7d85b9c2eb932c3215f7429f7d11",
        "type": "github"
      },
      "original": {
        "owner": "tinted-theming",
        "repo": "schemes",
        "type": "github"
      }
    }
  },
  "root": "root",
  "version": 7
}
