{
  "nodes": {
    "root": {
      "inputs": {
        "schemes": "schemes"
      }
    },
    "schemes": {
      "flake": false,
      "locked": {
        "lastModified": 1790998275,
        "narHash": "sha256-vjDM7GtittcsULah9K/r+YXwfkMkQjLO6cGvDrJHgMM=",
        "owner": "tinted-theming",
        "repo": "schemes",
        "rev": "a70da1dab18008023cfd55a94053f3b6cab4f86e",
        "type": "github"
      },
      "original": {
        "owner": "tinted-theming",
        "repo": "schemes",
        "type": "github"
      }
    }
  },
  "root": "root",
  "version": 7
}
