{
  "nodes": {
    "root": {
      "inputs": {
        "schemes": "schemes"
      }
    },
    "schemes": {
      "flake": false,
      "locked": {
        "lastModified": 1741468895,
        "narHash": "sha256-YKM1RJbL68Yp2vESBqeZQBjTETXo8mCTTzLZyckCfZk=",
        "owner": "tinted-theming",
        "repo": "schemes",
        "rev": "47c8c7726e98069cade5827e5fb2bfee02ce6991",
        "type": "github"
      },
      "original": {
        "owner": "tinted-theming",
        "repo": "schemes",
        "type": "github"
      }
    }
  },
  "root": "root",
  "version": 7
}
