{
  "nodes": {
    "ranger-archives": {
      "flake": false,
      "locked": {
        "lastModified": 1788001021,
        "narHash": "sha256-mKz+4TgpenEebag1aWscfC1mTkKQVYPfy/Crz5Mnvbw=",
        "owner": "maximtrp",
        "repo": "ranger-archives",
        "rev": "1f5629bc81e6798deec6a767d780e271dc517d27",
        "type": "github"
      },
      "original": {
        "owner": "maximtrp",
        "repo": "ranger-archives",
        "type": "github"
      }
    },
    "root": {
      "inputs": {
        "ranger-archives": "ranger-archives"
      }
    }
  },
  "root": "root",
  "version": 7
}
