{
  "nodes": {
    "ranger-archives": {
      "flake": false,
      "locked": {
        "lastModified": 1758366477,
        "narHash": "sha256-HEJ+8KlG++PK0vVpEYptbyuPZAKllX5PeyaTBKcf+8M=",
        "owner": "maximtrp",
        "repo": "ranger-archives",
        "rev": "0b1cfa9a77412c3b51da5b1b213c672227f9fbb4",
        "type": "github"
      },
      "original": {
        "owner": "maximtrp",
        "repo": "ranger-archives",
        "type": "github"
      }
    },
    "root": {
      "inputs": {
        "ranger-archives": "ranger-archives"
      }
    }
  },
  "root": "root",
  "version": 7
}
